
Microsoft Visual Studio Solution File, Format Version 12.00
# Visual Studio Version 16
VisualStudioVersion = 16.0.31624.102
MinimumVisualStudioVersion = 10.0.40219.1
Project("{9A19103F-16F7-4668-BE54-9A1E7A4F7556}") = "Faker.Library", "Faker.Library\Faker.Library.csproj", "{158A0C11-5451-4984-AD7C-2D522F94AF0F}"
EndProject
Project("{9A19103F-16F7-4668-BE54-9A1E7A4F7556}") = "Faker.ListGenerator", "Faker.ListGenerator\Faker.ListGenerator.csproj", "{9E252F5E-3258-4A45-B6C8-DABBA520554C}"
EndProject
Project("{9A19103F-16F7-4668-BE54-9A1E7A4F7556}") = "Faker.IntGenerator", "Faker.IntGenerator\Faker.IntGenerator.csproj", "{52EC1B2B-3CAF-4896-84F3-84A32E7FC5C2}"
EndProject
Project("{9A19103F-16F7-4668-BE54-9A1E7A4F7556}") = "Faker.UnitTests", "Faker.UnitTests\Faker.UnitTests.csproj", "{340C7032-0279-46F6-A0B8-D8A732D0A1F6}"
EndProject
Global
	GlobalSection(SolutionConfigurationPlatforms) = preSolution
		Debug|Any CPU = Debug|Any CPU
		Release|Any CPU = Release|Any CPU
	EndGlobalSection
	GlobalSection(ProjectConfigurationPlatforms) = postSolution
		{158A0C11-5451-4984-AD7C-2D522F94AF0F}.Debug|Any CPU.ActiveCfg = Debug|Any CPU
		{158A0C11-5451-4984-AD7C-2D522F94AF0F}.Debug|Any CPU.Build.0 = Debug|Any CPU
		{158A0C11-5451-4984-AD7C-2D522F94AF0F}.Release|Any CPU.ActiveCfg = Release|Any CPU
		{158A0C11-5451-4984-AD7C-2D522F94AF0F}.Release|Any CPU.Build.0 = Release|Any CPU
		{9E252F5E-3258-4A45-B6C8-DABBA520554C}.Debug|Any CPU.ActiveCfg = Debug|Any CPU
		{9E252F5E-3258-4A45-B6C8-DABBA520554C}.Debug|Any CPU.Build.0 = Debug|Any CPU
		{9E252F5E-3258-4A45-B6C8-DABBA520554C}.Release|Any CPU.ActiveCfg = Release|Any CPU
		{9E252F5E-3258-4A45-B6C8-DABBA520554C}.Release|Any CPU.Build.0 = Release|Any CPU
		{52EC1B2B-3CAF-4896-84F3-84A32E7FC5C2}.Debug|Any CPU.ActiveCfg = Debug|Any CPU
		{52EC1B2B-3CAF-4896-84F3-84A32E7FC5C2}.Debug|Any CPU.Build.0 = Debug|Any CPU
		{52EC1B2B-3CAF-4896-84F3-84A32E7FC5C2}.Release|Any CPU.ActiveCfg = Release|Any CPU
		{52EC1B2B-3CAF-4896-84F3-84A32E7FC5C2}.Release|Any CPU.Build.0 = Release|Any CPU
		{340C7032-0279-46F6-A0B8-D8A732D0A1F6}.Debug|Any CPU.ActiveCfg = Debug|Any CPU
		{340C7032-0279-46F6-A0B8-D8A732D0A1F6}.Debug|Any CPU.Build.0 = Debug|Any CPU
		{340C7032-0279-46F6-A0B8-D8A732D0A1F6}.Release|Any CPU.ActiveCfg = Release|Any CPU
		{340C7032-0279-46F6-A0B8-D8A732D0A1F6}.Release|Any CPU.Build.0 = Release|Any CPU
	EndGlobalSection
	GlobalSection(SolutionProperties) = preSolution
		HideSolutionNode = FALSE
	EndGlobalSection
	GlobalSection(ExtensibilityGlobals) = postSolution
		SolutionGuid = {A7C57DB4-000E-4ECD-8B80-423C045C3CEF}
	EndGlobalSection
EndGlobal
